
Microsoft Visual Studio Solution File, Format Version 12.00
# Visual Studio Version 17
VisualStudioVersion = 17.8.34309.116
MinimumVisualStudioVersion = 10.0.40219.1
Project("{FAE04EC0-301F-11D3-BF4B-00C04F79EFBC}") = "Capcha Generator", "Capcha Generator\Capcha Generator.csproj", "{7D7E9729-F34D-4553-A6BD-E6977C6955E5}"
EndProject
Global
	GlobalSection(SolutionConfigurationPlatforms) = preSolution
		Debug|Any CPU = Debug|Any CPU
		Release|Any CPU = Release|Any CPU
	EndGlobalSection
	GlobalSection(ProjectConfigurationPlatforms) = postSolution
		{7D7E9729-F34D-4553-A6BD-E6977C6955E5}.Debug|Any CPU.ActiveCfg = Debug|Any CPU
		{7D7E9729-F34D-4553-A6BD-E6977C6955E5}.Debug|Any CPU.Build.0 = Debug|Any CPU
		{7D7E9729-F34D-4553-A6BD-E6977C6955E5}.Release|Any CPU.ActiveCfg = Release|Any CPU
		{7D7E9729-F34D-4553-A6BD-E6977C6955E5}.Release|Any CPU.Build.0 = Release|Any CPU
	EndGlobalSection
	GlobalSection(SolutionProperties) = preSolution
		HideSolutionNode = FALSE
	EndGlobalSection
	GlobalSection(ExtensibilityGlobals) = postSolution
		SolutionGuid = {0D578491-39AC-4CB6-BCAE-AC43828415AE}
	EndGlobalSection
EndGlobal
